
Microsoft Visual Studio Solution File, Format Version 12.00
# Visual Studio Version 16
VisualStudioVersion = 16.0.31729.503
MinimumVisualStudioVersion = 10.0.40219.1
Project("{FAE04EC0-301F-11D3-BF4B-00C04F79EFBC}") = "OdeToFood.web", "OdeToFood.web\OdeToFood.web.csproj", "{6116B3EE-39B2-4993-8346-5DF82F2C1F65}"
EndProject
Project("{FAE04EC0-301F-11D3-BF4B-00C04F79EFBC}") = "OdeToFood.Data", "OdeToFood.Data\OdeToFood.Data.csproj", "{A57045F5-91D3-43ED-8CF0-EC6342165472}"
EndProject
Global
	GlobalSection(SolutionConfigurationPlatforms) = preSolution
		Debug|Any CPU = Debug|Any CPU
		Release|Any CPU = Release|Any CPU
	EndGlobalSection
	GlobalSection(ProjectConfigurationPlatforms) = postSolution
		{6116B3EE-39B2-4993-8346-5DF82F2C1F65}.Debug|Any CPU.ActiveCfg = Debug|Any CPU
		{6116B3EE-39B2-4993-8346-5DF82F2C1F65}.Debug|Any CPU.Build.0 = Debug|Any CPU
		{6116B3EE-39B2-4993-8346-5DF82F2C1F65}.Release|Any CPU.ActiveCfg = Release|Any CPU
		{6116B3EE-39B2-4993-8346-5DF82F2C1F65}.Release|Any CPU.Build.0 = Release|Any CPU
		{A57045F5-91D3-43ED-8CF0-EC6342165472}.Debug|Any CPU.ActiveCfg = Debug|Any CPU
		{A57045F5-91D3-43ED-8CF0-EC6342165472}.Debug|Any CPU.Build.0 = Debug|Any CPU
		{A57045F5-91D3-43ED-8CF0-EC6342165472}.Release|Any CPU.ActiveCfg = Release|Any CPU
		{A57045F5-91D3-43ED-8CF0-EC6342165472}.Release|Any CPU.Build.0 = Release|Any CPU
	EndGlobalSection
	GlobalSection(SolutionProperties) = preSolution
		HideSolutionNode = FALSE
	EndGlobalSection
	GlobalSection(ExtensibilityGlobals) = postSolution
		SolutionGuid = {4B6B26FF-41A0-42C7-928A-9E24863021C7}
	EndGlobalSection
EndGlobal
